
Microsoft Visual Studio Solution File, Format Version 12.00
# Visual Studio Version 17
VisualStudioVersion = 17.13.35806.99 d17.13
MinimumVisualStudioVersion = 10.0.40219.1
Project("{FAE04EC0-301F-11D3-BF4B-00C04F79EFBC}") = "AulaApiDevOpsManha", "AulaApiDevOpsManha\AulaApiDevOpsManha.csproj", "{63BC86F6-A93F-4CDF-AE44-32B6244B9855}"
EndProject
Global
	GlobalSection(SolutionConfigurationPlatforms) = preSolution
		Debug|Any CPU = Debug|Any CPU
		Release|Any CPU = Release|Any CPU
	EndGlobalSection
	GlobalSection(ProjectConfigurationPlatforms) = postSolution
		{63BC86F6-A93F-4CDF-AE44-32B6244B9855}.Debug|Any CPU.ActiveCfg = Debug|Any CPU
		{63BC86F6-A93F-4CDF-AE44-32B6244B9855}.Debug|Any CPU.Build.0 = Debug|Any CPU
		{63BC86F6-A93F-4CDF-AE44-32B6244B9855}.Release|Any CPU.ActiveCfg = Release|Any CPU
		{63BC86F6-A93F-4CDF-AE44-32B6244B9855}.Release|Any CPU.Build.0 = Release|Any CPU
	EndGlobalSection
	GlobalSection(SolutionProperties) = preSolution
		HideSolutionNode = FALSE
	EndGlobalSection
	GlobalSection(ExtensibilityGlobals) = postSolution
		SolutionGuid = {E63D8ADE-1AA2-4827-8127-AB7B38C37039}
	EndGlobalSection
EndGlobal
